
Microsoft Visual Studio Solution File, Format Version 12.00
# Visual Studio 15
VisualStudioVersion = 15.0.28307.489
MinimumVisualStudioVersion = 10.0.40219.1
Project("{FAE04EC0-301F-11D3-BF4B-00C04F79EFBC}") = "ReceiveWhatIsHappenningInAndroidApp", "ReceiveWhatIsHappenningInAndroidApp\ReceiveWhatIsHappenningInAndroidApp.csproj", "{0031D398-EE3B-4C3D-B930-5C323CCFFBFA}"
EndProject
Global
	GlobalSection(SolutionConfigurationPlatforms) = preSolution
		Debug|Any CPU = Debug|Any CPU
		Release|Any CPU = Release|Any CPU
	EndGlobalSection
	GlobalSection(ProjectConfigurationPlatforms) = postSolution
		{0031D398-EE3B-4C3D-B930-5C323CCFFBFA}.Debug|Any CPU.ActiveCfg = Debug|Any CPU
		{0031D398-EE3B-4C3D-B930-5C323CCFFBFA}.Debug|Any CPU.Build.0 = Debug|Any CPU
		{0031D398-EE3B-4C3D-B930-5C323CCFFBFA}.Release|Any CPU.ActiveCfg = Release|Any CPU
		{0031D398-EE3B-4C3D-B930-5C323CCFFBFA}.Release|Any CPU.Build.0 = Release|Any CPU
	EndGlobalSection
	GlobalSection(SolutionProperties) = preSolution
		HideSolutionNode = FALSE
	EndGlobalSection
	GlobalSection(ExtensibilityGlobals) = postSolution
		SolutionGuid = {60B0F647-0AC1-4C13-B466-8F37CC0AE63D}
	EndGlobalSection
EndGlobal
